{
  "name": "tic-tac-toe",
  "version": "0.0.0",
  "lockfileVersion": 3,
  "requires": true,
  "packages": {
    "": {
      "name": "tic-tac-toe",
      "version": "0.0.0",
      "dependencies": {
        "@tsparticles/confetti": "^3.9.1",
        "gsap": "^3.14.2"
      },
      "devDependencies": {
        "typescript": "~5.9.3",
        "vite": "^7.2.4"
      }
    },
    "node_modules/@esbuild/aix-ppc64": {
      "version": "0.27.1",
      "resolved": "https://registry.npmjs.org/@esbuild/aix-ppc64/-/aix-ppc64-0.27.1.tgz",
      "integrity": "sha512-HHB50pdsBX6k47S4u5g/CaLjqS3qwaOVE5ILsq64jyzgMhLuCuZ8rGzM9yhsAjfjkbgUPMzZEPa7DAp7yz6vuA==",
      "cpu": [
        "ppc64"
      ],
      "dev": true,
      "license": "MIT",
      "optional": true,
      "os": [
        "aix"
      ],
      "engines": {
        "node": ">=18"
      }
    },
    "node_modules/@esbuild/android-arm": {
      "version": "0.27.1",
      "resolved": "https://registry.npmjs.org/@esbuild/android-arm/-/android-arm-0.27.1.tgz",
      "integrity": "sha512-kFqa6/UcaTbGm/NncN9kzVOODjhZW8e+FRdSeypWe6j33gzclHtwlANs26JrupOntlcWmB0u8+8HZo8s7thHvg==",
      "cpu": [
        "arm"
      ],
      "dev": true,
      "license": "MIT",
      "optional": true,
      "os": [
        "android"
      ],
      "engines": {
        "node": ">=18"
      }
    },
    "node_modules/@esbuild/android-arm64": {
      "version": "0.27.1",
      "resolved": "https://registry.npmjs.org/@esbuild/android-arm64/-/android-arm64-0.27.1.tgz",
      "integrity": "sha512-45fuKmAJpxnQWixOGCrS+ro4Uvb4Re9+UTieUY2f8AEc+t7d4AaZ6eUJ3Hva7dtrxAAWHtlEFsXFMAgNnGU9uQ==",
      "cpu": [
        "arm64"
      ],
      "dev": true,
      "license": "MIT",
      "optional": true,
      "os": [
        "android"
      ],
      "engines": {
        "node": ">=18"
      }
    },
    "node_modules/@esbuild/android-x64": {
      "version": "0.27.1",
      "resolved": "https://registry.npmjs.org/@esbuild/android-x64/-/android-x64-0.27.1.tgz",
      "integrity": "sha512-LBEpOz0BsgMEeHgenf5aqmn/lLNTFXVfoWMUox8CtWWYK9X4jmQzWjoGoNb8lmAYml/tQ/Ysvm8q7szu7BoxRQ==",
      "cpu": [
        "x64"
      ],
      "dev": true,
      "license": "MIT",
      "optional": true,
      "os": [
        "android"
      ],
      "engines": {
        "node": ">=18"
      }
    },
    "node_modules/@esbuild/darwin-arm64": {
      "version": "0.27.1",
      "resolved": "https://registry.npmjs.org/@esbuild/darwin-arm64/-/darwin-arm64-0.27.1.tgz",
      "integrity": "sha512-veg7fL8eMSCVKL7IW4pxb54QERtedFDfY/ASrumK/SbFsXnRazxY4YykN/THYqFnFwJ0aVjiUrVG2PwcdAEqQQ==",
      "cpu": [
        "arm64"
      ],
      "dev": true,
      "license": "MIT",
      "optional": true,
      "os": [
        "darwin"
      ],
      "engines": {
        "node": ">=18"
      }
    },
    "node_modules/@esbuild/darwin-x64": {
      "version": "0.27.1",
      "resolved": "https://registry.npmjs.org/@esbuild/darwin-x64/-/darwin-x64-0.27.1.tgz",
      "integrity": "sha512-+3ELd+nTzhfWb07Vol7EZ+5PTbJ/u74nC6iv4/lwIU99Ip5uuY6QoIf0Hn4m2HoV0qcnRivN3KSqc+FyCHjoVQ==",
      "cpu": [
        "x64"
      ],
      "dev": true,
      "license": "MIT",
      "optional": true,
      "os": [
        "darwin"
      ],
      "engines": {
        "node": ">=18"
      }
    },
    "node_modules/@esbuild/freebsd-arm64": {
      "version": "0.27.1",
      "resolved": "https://registry.npmjs.org/@esbuild/freebsd-arm64/-/freebsd-arm64-0.27.1.tgz",
      "integrity": "sha512-/8Rfgns4XD9XOSXlzUDepG8PX+AVWHliYlUkFI3K3GB6tqbdjYqdhcb4BKRd7C0BhZSoaCxhv8kTcBrcZWP+xg==",
      "cpu": [
        "arm64"
      ],
      "dev": true,
      "license": "MIT",
      "optional": true,
      "os": [
        "freebsd"
      ],
      "engines": {
        "node": ">=18"
      }
    },
    "node_modules/@esbuild/freebsd-x64": {
      "version": "0.27.1",
      "resolved": "https://registry.npmjs.org/@esbuild/freebsd-x64/-/freebsd-x64-0.27.1.tgz",
      "integrity": "sha512-GITpD8dK9C+r+5yRT/UKVT36h/DQLOHdwGVwwoHidlnA168oD3uxA878XloXebK4Ul3gDBBIvEdL7go9gCUFzQ==",
      "cpu": [
        "x64"
      ],
      "dev": true,
      "license": "MIT",
      "optional": true,
      "os": [
        "freebsd"
      ],
      "engines": {
        "node": ">=18"
      }
    },
    "node_modules/@esbuild/linux-arm": {
      "version": "0.27.1",
      "resolved": "https://registry.npmjs.org/@esbuild/linux-arm/-/linux-arm-0.27.1.tgz",
      "integrity": "sha512-ieMID0JRZY/ZeCrsFQ3Y3NlHNCqIhTprJfDgSB3/lv5jJZ8FX3hqPyXWhe+gvS5ARMBJ242PM+VNz/ctNj//eA==",
      "cpu": [
        "arm"
      ],
      "dev": true,
      "license": "MIT",
      "optional": true,
      "os": [
        "linux"
      ],
      "engines": {
        "node": ">=18"
      }
    },
    "node_modules/@esbuild/linux-arm64": {
      "version": "0.27.1",
      "resolved": "https://registry.npmjs.org/@esbuild/linux-arm64/-/linux-arm64-0.27.1.tgz",
      "integrity": "sha512-W9//kCrh/6in9rWIBdKaMtuTTzNj6jSeG/haWBADqLLa9P8O5YSRDzgD5y9QBok4AYlzS6ARHifAb75V6G670Q==",
      "cpu": [
        "arm64"
      ],
      "dev": true,
      "license": "MIT",
      "optional": true,
      "os": [
        "linux"
      ],
      "engines": {
        "node": ">=18"
      }
    },
    "node_modules/@esbuild/linux-ia32": {
      "version": "0.27.1",
      "resolved": "https://registry.npmjs.org/@esbuild/linux-ia32/-/linux-ia32-0.27.1.tgz",
      "integrity": "sha512-VIUV4z8GD8rtSVMfAj1aXFahsi/+tcoXXNYmXgzISL+KB381vbSTNdeZHHHIYqFyXcoEhu9n5cT+05tRv13rlw==",
      "cpu": [
        "ia32"
      ],
      "dev": true,
      "license": "MIT",
      "optional": true,
      "os": [
        "linux"
      ],
      "engines": {
        "node": ">=18"
      }
    },
    "node_modules/@esbuild/linux-loong64": {
      "version": "0.27.1",
      "resolved": "https://registry.npmjs.org/@esbuild/linux-loong64/-/linux-loong64-0.27.1.tgz",
      "integrity": "sha512-l4rfiiJRN7sTNI//ff65zJ9z8U+k6zcCg0LALU5iEWzY+a1mVZ8iWC1k5EsNKThZ7XCQ6YWtsZ8EWYm7r1UEsg==",
      "cpu": [
        "loong64"
      ],
      "dev": true,
      "license": "MIT",
      "optional": true,
      "os": [
        "linux"
      ],
      "engines": {
        "node": ">=18"
      }
    },
    "node_modules/@esbuild/linux-mips64el": {
      "version": "0.27.1",
      "resolved": "https://registry.npmjs.org/@esbuild/linux-mips64el/-/linux-mips64el-0.27.1.tgz",
      "integrity": "sha512-U0bEuAOLvO/DWFdygTHWY8C067FXz+UbzKgxYhXC0fDieFa0kDIra1FAhsAARRJbvEyso8aAqvPdNxzWuStBnA==",
      "cpu": [
        "mips64el"
      ],
      "dev": true,
      "license": "MIT",
      "optional": true,
      "os": [
        "linux"
      ],
      "engines": {
        "node": ">=18"
      }
    },
    "node_modules/@esbuild/linux-ppc64": {
      "version": "0.27.1",
      "resolved": "https://registry.npmjs.org/@esbuild/linux-ppc64/-/linux-ppc64-0.27.1.tgz",
      "integrity": "sha512-NzdQ/Xwu6vPSf/GkdmRNsOfIeSGnh7muundsWItmBsVpMoNPVpM61qNzAVY3pZ1glzzAxLR40UyYM23eaDDbYQ==",
      "cpu": [
        "ppc64"
      ],
      "dev": true,
      "license": "MIT",
      "optional": true,
      "os": [
        "linux"
      ],
      "engines": {
        "node": ">=18"
      }
    },
    "node_modules/@esbuild/linux-riscv64": {
      "version": "0.27.1",
      "resolved": "https://registry.npmjs.org/@esbuild/linux-riscv64/-/linux-riscv64-0.27.1.tgz",
      "integrity": "sha512-7zlw8p3IApcsN7mFw0O1Z1PyEk6PlKMu18roImfl3iQHTnr/yAfYv6s4hXPidbDoI2Q0pW+5xeoM4eTCC0UdrQ==",
      "cpu": [
        "riscv64"
      ],
      "dev": true,
      "license": "MIT",
      "optional": true,
      "os": [
        "linux"
      ],
      "engines": {
        "node": ">=18"
      }
    },
    "node_modules/@esbuild/linux-s390x": {
      "version": "0.27.1",
      "resolved": "https://registry.npmjs.org/@esbuild/linux-s390x/-/linux-s390x-0.27.1.tgz",
      "integrity": "sha512-cGj5wli+G+nkVQdZo3+7FDKC25Uh4ZVwOAK6A06Hsvgr8WqBBuOy/1s+PUEd/6Je+vjfm6stX0kmib5b/O2Ykw==",
      "cpu": [
        "s390x"
      ],
      "dev": true,
      "license": "MIT",
      "optional": true,
      "os": [
        "linux"
      ],
      "engines": {
        "node": ">=18"
      }
    },
    "node_modules/@esbuild/linux-x64": {
      "version": "0.27.1",
      "resolved": "https://registry.npmjs.org/@esbuild/linux-x64/-/linux-x64-0.27.1.tgz",
      "integrity": "sha512-z3H/HYI9MM0HTv3hQZ81f+AKb+yEoCRlUby1F80vbQ5XdzEMyY/9iNlAmhqiBKw4MJXwfgsh7ERGEOhrM1niMA==",
      "cpu": [
        "x64"
      ],
      "dev": true,
      "license": "MIT",
      "optional": true,
      "os": [
        "linux"
      ],
      "engines": {
        "node": ">=18"
      }
    },
    "node_modules/@esbuild/netbsd-arm64": {
      "version": "0.27.1",
      "resolved": "https://registry.npmjs.org/@esbuild/netbsd-arm64/-/netbsd-arm64-0.27.1.tgz",
      "integrity": "sha512-wzC24DxAvk8Em01YmVXyjl96Mr+ecTPyOuADAvjGg+fyBpGmxmcr2E5ttf7Im8D0sXZihpxzO1isus8MdjMCXQ==",
      "cpu": [
        "arm64"
      ],
      "dev": true,
      "license": "MIT",
      "optional": true,
      "os": [
        "netbsd"
      ],
      "engines": {
        "node": ">=18"
      }
    },
    "node_modules/@esbuild/netbsd-x64": {
      "version": "0.27.1",
      "resolved": "https://registry.npmjs.org/@esbuild/netbsd-x64/-/netbsd-x64-0.27.1.tgz",
      "integrity": "sha512-1YQ8ybGi2yIXswu6eNzJsrYIGFpnlzEWRl6iR5gMgmsrR0FcNoV1m9k9sc3PuP5rUBLshOZylc9nqSgymI+TYg==",
      "cpu": [
        "x64"
      ],
      "dev": true,
      "license": "MIT",
      "optional": true,
      "os": [
        "netbsd"
      ],
      "engines": {
        "node": ">=18"
      }
    },
    "node_modules/@esbuild/openbsd-arm64": {
      "version": "0.27.1",
      "resolved": "https://registry.npmjs.org/@esbuild/openbsd-arm64/-/openbsd-arm64-0.27.1.tgz",
      "integrity": "sha512-5Z+DzLCrq5wmU7RDaMDe2DVXMRm2tTDvX2KU14JJVBN2CT/qov7XVix85QoJqHltpvAOZUAc3ndU56HSMWrv8g==",
      "cpu": [
        "arm64"
      ],
      "dev": true,
      "license": "MIT",
      "optional": true,
      "os": [
        "openbsd"
      ],
      "engines": {
        "node": ">=18"
      }
    },
    "node_modules/@esbuild/openbsd-x64": {
      "version": "0.27.1",
      "resolved": "https://registry.npmjs.org/@esbuild/openbsd-x64/-/openbsd-x64-0.27.1.tgz",
      "integrity": "sha512-Q73ENzIdPF5jap4wqLtsfh8YbYSZ8Q0wnxplOlZUOyZy7B4ZKW8DXGWgTCZmF8VWD7Tciwv5F4NsRf6vYlZtqg==",
      "cpu": [
        "x64"
      ],
      "dev": true,
      "license": "MIT",
      "optional": true,
      "os": [
        "openbsd"
      ],
      "engines": {
        "node": ">=18"
      }
    },
    "node_modules/@esbuild/openharmony-arm64": {
      "version": "0.27.1",
      "resolved": "https://registry.npmjs.org/@esbuild/openharmony-arm64/-/openharmony-arm64-0.27.1.tgz",
      "integrity": "sha512-ajbHrGM/XiK+sXM0JzEbJAen+0E+JMQZ2l4RR4VFwvV9JEERx+oxtgkpoKv1SevhjavK2z2ReHk32pjzktWbGg==",
      "cpu": [
        "arm64"
      ],
      "dev": true,
      "license": "MIT",
      "optional": true,
      "os": [
        "openharmony"
      ],
      "engines": {
        "node": ">=18"
      }
    },
    "node_modules/@esbuild/sunos-x64": {
      "version": "0.27.1",
      "resolved": "https://registry.npmjs.org/@esbuild/sunos-x64/-/sunos-x64-0.27.1.tgz",
      "integrity": "sha512-IPUW+y4VIjuDVn+OMzHc5FV4GubIwPnsz6ubkvN8cuhEqH81NovB53IUlrlBkPMEPxvNnf79MGBoz8rZ2iW8HA==",
      "cpu": [
        "x64"
      ],
      "dev": true,
      "license": "MIT",
      "optional": true,
      "os": [
        "sunos"
      ],
      "engines": {
        "node": ">=18"
      }
    },
    "node_modules/@esbuild/win32-arm64": {
      "version": "0.27.1",
      "resolved": "https://registry.npmjs.org/@esbuild/win32-arm64/-/win32-arm64-0.27.1.tgz",
      "integrity": "sha512-RIVRWiljWA6CdVu8zkWcRmGP7iRRIIwvhDKem8UMBjPql2TXM5PkDVvvrzMtj1V+WFPB4K7zkIGM7VzRtFkjdg==",
      "cpu": [
        "arm64"
      ],
      "dev": true,
      "license": "MIT",
      "optional": true,
      "os": [
        "win32"
      ],
      "engines": {
        "node": ">=18"
      }
    },
    "node_modules/@esbuild/win32-ia32": {
      "version": "0.27.1",
      "resolved": "https://registry.npmjs.org/@esbuild/win32-ia32/-/win32-ia32-0.27.1.tgz",
      "integrity": "sha512-2BR5M8CPbptC1AK5JbJT1fWrHLvejwZidKx3UMSF0ecHMa+smhi16drIrCEggkgviBwLYd5nwrFLSl5Kho96RQ==",
      "cpu": [
        "ia32"
      ],
      "dev": true,
      "license": "MIT",
      "optional": true,
      "os": [
        "win32"
      ],
      "engines": {
        "node": ">=18"
      }
    },
    "node_modules/@esbuild/win32-x64": {
      "version": "0.27.1",
      "resolved": "https://registry.npmjs.org/@esbuild/win32-x64/-/win32-x64-0.27.1.tgz",
      "integrity": "sha512-d5X6RMYv6taIymSk8JBP+nxv8DQAMY6A51GPgusqLdK9wBz5wWIXy1KjTck6HnjE9hqJzJRdk+1p/t5soSbCtw==",
      "cpu": [
        "x64"
      ],
      "dev": true,
      "license": "MIT",
      "optional": true,
      "os": [
        "win32"
      ],
      "engines": {
        "node": ">=18"
      }
    },
    "node_modules/@rollup/rollup-android-arm-eabi": {
      "version": "4.53.4",
      "resolved": "https://registry.npmjs.org/@rollup/rollup-android-arm-eabi/-/rollup-android-arm-eabi-4.53.4.tgz",
      "integrity": "sha512-PWU3Y92H4DD0bOqorEPp1Y0tbzwAurFmIYpjcObv5axGVOtcTlB0b2UKMd2echo08MgN7jO8WQZSSysvfisFSQ==",
      "cpu": [
        "arm"
      ],
      "dev": true,
      "license": "MIT",
      "optional": true,
      "os": [
        "android"
      ]
    },
    "node_modules/@rollup/rollup-android-arm64": {
      "version": "4.53.4",
      "resolved": "https://registry.npmjs.org/@rollup/rollup-android-arm64/-/rollup-android-arm64-4.53.4.tgz",
      "integrity": "sha512-Gw0/DuVm3rGsqhMGYkSOXXIx20cC3kTlivZeuaGt4gEgILivykNyBWxeUV5Cf2tDA2nPLah26vq3emlRrWVbng==",
      "cpu": [
        "arm64"
      ],
      "dev": true,
      "license": "MIT",
      "optional": true,
      "os": [
        "android"
      ]
    },
    "node_modules/@rollup/rollup-darwin-arm64": {
      "version": "4.53.4",
      "resolved": "https://registry.npmjs.org/@rollup/rollup-darwin-arm64/-/rollup-darwin-arm64-4.53.4.tgz",
      "integrity": "sha512-+w06QvXsgzKwdVg5qRLZpTHh1bigHZIqoIUPtiqh05ZiJVUQ6ymOxaPkXTvRPRLH88575ZCRSRM3PwIoNma01Q==",
      "cpu": [
        "arm64"
      ],
      "dev": true,
      "license": "MIT",
      "optional": true,
      "os": [
        "darwin"
      ]
    },
    "node_modules/@rollup/rollup-darwin-x64": {
      "version": "4.53.4",
      "resolved": "https://registry.npmjs.org/@rollup/rollup-darwin-x64/-/rollup-darwin-x64-4.53.4.tgz",
      "integrity": "sha512-EB4Na9G2GsrRNRNFPuxfwvDRDUwQEzJPpiK1vo2zMVhEeufZ1k7J1bKnT0JYDfnPC7RNZ2H5YNQhW6/p2QKATw==",
      "cpu": [
        "x64"
      ],
      "dev": true,
      "license": "MIT",
      "optional": true,
      "os": [
        "darwin"
      ]
    },
    "node_modules/@rollup/rollup-freebsd-arm64": {
      "version": "4.53.4",
      "resolved": "https://registry.npmjs.org/@rollup/rollup-freebsd-arm64/-/rollup-freebsd-arm64-4.53.4.tgz",
      "integrity": "sha512-bldA8XEqPcs6OYdknoTMaGhjytnwQ0NClSPpWpmufOuGPN5dDmvIa32FygC2gneKK4A1oSx86V1l55hyUWUYFQ==",
      "cpu": [
        "arm64"
      ],
      "dev": true,
      "license": "MIT",
      "optional": true,
      "os": [
        "freebsd"
      ]
    },
    "node_modules/@rollup/rollup-freebsd-x64": {
      "version": "4.53.4",
      "resolved": "https://registry.npmjs.org/@rollup/rollup-freebsd-x64/-/rollup-freebsd-x64-4.53.4.tgz",
      "integrity": "sha512-3T8GPjH6mixCd0YPn0bXtcuSXi1Lj+15Ujw2CEb7dd24j9thcKscCf88IV7n76WaAdorOzAgSSbuVRg4C8V8Qw==",
      "cpu": [
        "x64"
      ],
      "dev": true,
      "license": "MIT",
      "optional": true,
      "os": [
        "freebsd"
      ]
    },
    "node_modules/@rollup/rollup-linux-arm-gnueabihf": {
      "version": "4.53.4",
      "resolved": "https://registry.npmjs.org/@rollup/rollup-linux-arm-gnueabihf/-/rollup-linux-arm-gnueabihf-4.53.4.tgz",
      "integrity": "sha512-UPMMNeC4LXW7ZSHxeP3Edv09aLsFUMaD1TSVW6n1CWMECnUIJMFFB7+XC2lZTdPtvB36tYC0cJWc86mzSsaviw==",
      "cpu": [
        "arm"
      ],
      "dev": true,
      "license": "MIT",
      "optional": true,
      "os": [
        "linux"
      ]
    },
    "node_modules/@rollup/rollup-linux-arm-musleabihf": {
      "version": "4.53.4",
      "resolved": "https://registry.npmjs.org/@rollup/rollup-linux-arm-musleabihf/-/rollup-linux-arm-musleabihf-4.53.4.tgz",
      "integrity": "sha512-H8uwlV0otHs5Q7WAMSoyvjV9DJPiy5nJ/xnHolY0QptLPjaSsuX7tw+SPIfiYH6cnVx3fe4EWFafo6gH6ekZKA==",
      "cpu": [
        "arm"
      ],
      "dev": true,
      "license": "MIT",
      "optional": true,
      "os": [
        "linux"
      ]
    },
    "node_modules/@rollup/rollup-linux-arm64-gnu": {
      "version": "4.53.4",
      "resolved": "https://registry.npmjs.org/@rollup/rollup-linux-arm64-gnu/-/rollup-linux-arm64-gnu-4.53.4.tgz",
      "integrity": "sha512-BLRwSRwICXz0TXkbIbqJ1ibK+/dSBpTJqDClF61GWIrxTXZWQE78ROeIhgl5MjVs4B4gSLPCFeD4xML9vbzvCQ==",
      "cpu": [
        "arm64"
      ],
      "dev": true,
      "license": "MIT",
      "optional": true,
      "os": [
        "linux"
      ]
    },
    "node_modules/@rollup/rollup-linux-arm64-musl": {
      "version": "4.53.4",
      "resolved": "https://registry.npmjs.org/@rollup/rollup-linux-arm64-musl/-/rollup-linux-arm64-musl-4.53.4.tgz",
      "integrity": "sha512-6bySEjOTbmVcPJAywjpGLckK793A0TJWSbIa0sVwtVGfe/Nz6gOWHOwkshUIAp9j7wg2WKcA4Snu7Y1nUZyQew==",
      "cpu": [
        "arm64"
      ],
      "dev": true,
      "license": "MIT",
      "optional": true,
      "os": [
        "linux"
      ]
    },
    "node_modules/@rollup/rollup-linux-loong64-gnu": {
      "version": "4.53.4",
      "resolved": "https://registry.npmjs.org/@rollup/rollup-linux-loong64-gnu/-/rollup-linux-loong64-gnu-4.53.4.tgz",
      "integrity": "sha512-U0ow3bXYJZ5MIbchVusxEycBw7bO6C2u5UvD31i5IMTrnt2p4Fh4ZbHSdc/31TScIJQYHwxbj05BpevB3201ug==",
      "cpu": [
        "loong64"
      ],
      "dev": true,
      "license": "MIT",
      "optional": true,
      "os": [
        "linux"
      ]
    },
    "node_modules/@rollup/rollup-linux-ppc64-gnu": {
      "version": "4.53.4",
      "resolved": "https://registry.npmjs.org/@rollup/rollup-linux-ppc64-gnu/-/rollup-linux-ppc64-gnu-4.53.4.tgz",
      "integrity": "sha512-iujDk07ZNwGLVn0YIWM80SFN039bHZHCdCCuX9nyx3Jsa2d9V/0Y32F+YadzwbvDxhSeVo9zefkoPnXEImnM5w==",
      "cpu": [
        "ppc64"
      ],
      "dev": true,
      "license": "MIT",
      "optional": true,
      "os": [
        "linux"
      ]
    },
    "node_modules/@rollup/rollup-linux-riscv64-gnu": {
      "version": "4.53.4",
      "resolved": "https://registry.npmjs.org/@rollup/rollup-linux-riscv64-gnu/-/rollup-linux-riscv64-gnu-4.53.4.tgz",
      "integrity": "sha512-MUtAktiOUSu+AXBpx1fkuG/Bi5rhlorGs3lw5QeJ2X3ziEGAq7vFNdWVde6XGaVqi0LGSvugwjoxSNJfHFTC0g==",
      "cpu": [
        "riscv64"
      ],
      "dev": true,
      "license": "MIT",
      "optional": true,
      "os": [
        "linux"
      ]
    },
    "node_modules/@rollup/rollup-linux-riscv64-musl": {
      "version": "4.53.4",
      "resolved": "https://registry.npmjs.org/@rollup/rollup-linux-riscv64-musl/-/rollup-linux-riscv64-musl-4.53.4.tgz",
      "integrity": "sha512-btm35eAbDfPtcFEgaXCI5l3c2WXyzwiE8pArhd66SDtoLWmgK5/M7CUxmUglkwtniPzwvWioBKKl6IXLbPf2sQ==",
      "cpu": [
        "riscv64"
      ],
      "dev": true,
      "license": "MIT",
      "optional": true,
      "os": [
        "linux"
      ]
    },
    "node_modules/@rollup/rollup-linux-s390x-gnu": {
      "version": "4.53.4",
      "resolved": "https://registry.npmjs.org/@rollup/rollup-linux-s390x-gnu/-/rollup-linux-s390x-gnu-4.53.4.tgz",
      "integrity": "sha512-uJlhKE9ccUTCUlK+HUz/80cVtx2RayadC5ldDrrDUFaJK0SNb8/cCmC9RhBhIWuZ71Nqj4Uoa9+xljKWRogdhA==",
      "cpu": [
        "s390x"
      ],
      "dev": true,
      "license": "MIT",
      "optional": true,
      "os": [
        "linux"
      ]
    },
    "node_modules/@rollup/rollup-linux-x64-gnu": {
      "version": "4.53.4",
      "resolved": "https://registry.npmjs.org/@rollup/rollup-linux-x64-gnu/-/rollup-linux-x64-gnu-4.53.4.tgz",
      "integrity": "sha512-jjEMkzvASQBbzzlzf4os7nzSBd/cvPrpqXCUOqoeCh1dQ4BP3RZCJk8XBeik4MUln3m+8LeTJcY54C/u8wb3DQ==",
      "cpu": [
        "x64"
      ],
      "dev": true,
      "license": "MIT",
      "optional": true,
      "os": [
        "linux"
      ]
    },
    "node_modules/@rollup/rollup-linux-x64-musl": {
      "version": "4.53.4",
      "resolved": "https://registry.npmjs.org/@rollup/rollup-linux-x64-musl/-/rollup-linux-x64-musl-4.53.4.tgz",
      "integrity": "sha512-lu90KG06NNH19shC5rBPkrh6mrTpq5kviFylPBXQVpdEu0yzb0mDgyxLr6XdcGdBIQTH/UAhDJnL+APZTBu1aQ==",
      "cpu": [
        "x64"
      ],
      "dev": true,
      "license": "MIT",
      "optional": true,
      "os": [
        "linux"
      ]
    },
    "node_modules/@rollup/rollup-openharmony-arm64": {
      "version": "4.53.4",
      "resolved": "https://registry.npmjs.org/@rollup/rollup-openharmony-arm64/-/rollup-openharmony-arm64-4.53.4.tgz",
      "integrity": "sha512-dFDcmLwsUzhAm/dn0+dMOQZoONVYBtgik0VuY/d5IJUUb787L3Ko/ibvTvddqhb3RaB7vFEozYevHN4ox22R/w==",
      "cpu": [
        "arm64"
      ],
      "dev": true,
      "license": "MIT",
      "optional": true,
      "os": [
        "openharmony"
      ]
    },
    "node_modules/@rollup/rollup-win32-arm64-msvc": {
      "version": "4.53.4",
      "resolved": "https://registry.npmjs.org/@rollup/rollup-win32-arm64-msvc/-/rollup-win32-arm64-msvc-4.53.4.tgz",
      "integrity": "sha512-WvUpUAWmUxZKtRnQWpRKnLW2DEO8HB/l8z6oFFMNuHndMzFTJEXzaYJ5ZAmzNw0L21QQJZsUQFt2oPf3ykAD/w==",
      "cpu": [
        "arm64"
      ],
      "dev": true,
      "license": "MIT",
      "optional": true,
      "os": [
        "win32"
      ]
    },
    "node_modules/@rollup/rollup-win32-ia32-msvc": {
      "version": "4.53.4",
      "resolved": "https://registry.npmjs.org/@rollup/rollup-win32-ia32-msvc/-/rollup-win32-ia32-msvc-4.53.4.tgz",
      "integrity": "sha512-JGbeF2/FDU0x2OLySw/jgvkwWUo05BSiJK0dtuI4LyuXbz3wKiC1xHhLB1Tqm5VU6ZZDmAorj45r/IgWNWku5g==",
      "cpu": [
        "ia32"
      ],
      "dev": true,
      "license": "MIT",
      "optional": true,
      "os": [
        "win32"
      ]
    },
    "node_modules/@rollup/rollup-win32-x64-gnu": {
      "version": "4.53.4",
      "resolved": "https://registry.npmjs.org/@rollup/rollup-win32-x64-gnu/-/rollup-win32-x64-gnu-4.53.4.tgz",
      "integrity": "sha512-zuuC7AyxLWLubP+mlUwEyR8M1ixW1ERNPHJfXm8x7eQNP4Pzkd7hS3qBuKBR70VRiQ04Kw8FNfRMF5TNxuZq2g==",
      "cpu": [
        "x64"
      ],
      "dev": true,
      "license": "MIT",
      "optional": true,
      "os": [
        "win32"
      ]
    },
    "node_modules/@rollup/rollup-win32-x64-msvc": {
      "version": "4.53.4",
      "resolved": "https://registry.npmjs.org/@rollup/rollup-win32-x64-msvc/-/rollup-win32-x64-msvc-4.53.4.tgz",
      "integrity": "sha512-Sbx45u/Lbb5RyptSbX7/3deP+/lzEmZ0BTSHxwxN/IMOZDZf8S0AGo0hJD5n/LQssxb5Z3B4og4P2X6Dd8acCA==",
      "cpu": [
        "x64"
      ],
      "dev": true,
      "license": "MIT",
      "optional": true,
      "os": [
        "win32"
      ]
    },
    "node_modules/@tsparticles/basic": {
      "version": "3.9.1",
      "resolved": "https://registry.npmjs.org/@tsparticles/basic/-/basic-3.9.1.tgz",
      "integrity": "sha512-ijr2dHMx0IQHqhKW3qA8tfwrR2XYbbWYdaJMQuBo2CkwBVIhZ76U+H20Y492j/NXpd1FUnt2aC0l4CEVGVGdeQ==",
      "funding": [
        {
          "type": "github",
          "url": "https://github.com/sponsors/matteobruni"
        },
        {
          "type": "github",
          "url": "https://github.com/sponsors/tsparticles"
        },
        {
          "type": "buymeacoffee",
          "url": "https://www.buymeacoffee.com/matteobruni"
        }
      ],
      "license": "MIT",
      "dependencies": {
        "@tsparticles/engine": "3.9.1",
        "@tsparticles/move-base": "3.9.1",
        "@tsparticles/plugin-hex-color": "3.9.1",
        "@tsparticles/plugin-hsl-color": "3.9.1",
        "@tsparticles/plugin-rgb-color": "3.9.1",
        "@tsparticles/shape-circle": "3.9.1",
        "@tsparticles/updater-color": "3.9.1",
        "@tsparticles/updater-opacity": "3.9.1",
        "@tsparticles/updater-out-modes": "3.9.1",
        "@tsparticles/updater-size": "3.9.1"
      }
    },
    "node_modules/@tsparticles/confetti": {
      "version": "3.9.1",
      "resolved": "https://registry.npmjs.org/@tsparticles/confetti/-/confetti-3.9.1.tgz",
      "integrity": "sha512-S0Q6iBqQvcCaOzmnddmh41RHeLwzSdkLq8hU3Ryokmb9eqoS9MQdYz2tjUHHdTap+YLPlp64SZ15sC4C9ulFbA==",
      "funding": [
        {
          "type": "github",
          "url": "https://github.com/sponsors/matteobruni"
        },
        {
          "type": "github",
          "url": "https://github.com/sponsors/tsparticles"
        },
        {
          "type": "buymeacoffee",
          "url": "https://www.buymeacoffee.com/matteobruni"
        }
      ],
      "license": "MIT",
      "dependencies": {
        "@tsparticles/basic": "3.9.1",
        "@tsparticles/engine": "3.9.1",
        "@tsparticles/plugin-emitters": "3.9.1",
        "@tsparticles/plugin-motion": "3.9.1",
        "@tsparticles/shape-cards": "3.9.1",
        "@tsparticles/shape-emoji": "3.9.1",
        "@tsparticles/shape-heart": "3.9.1",
        "@tsparticles/shape-image": "3.9.1",
        "@tsparticles/shape-polygon": "3.9.1",
        "@tsparticles/shape-square": "3.9.1",
        "@tsparticles/shape-star": "3.9.1",
        "@tsparticles/updater-life": "3.9.1",
        "@tsparticles/updater-roll": "3.9.1",
        "@tsparticles/updater-rotate": "3.9.1",
        "@tsparticles/updater-tilt": "3.9.1",
        "@tsparticles/updater-wobble": "3.9.1"
      }
    },
    "node_modules/@tsparticles/engine": {
      "version": "3.9.1",
      "resolved": "https://registry.npmjs.org/@tsparticles/engine/-/engine-3.9.1.tgz",
      "integrity": "sha512-DpdgAhWMZ3Eh2gyxik8FXS6BKZ8vyea+Eu5BC4epsahqTGY9V3JGGJcXC6lRJx6cPMAx1A0FaQAojPF3v6rkmQ==",
      "funding": [
        {
          "type": "github",
          "url": "https://github.com/sponsors/matteobruni"
        },
        {
          "type": "github",
          "url": "https://github.com/sponsors/tsparticles"
        },
        {
          "type": "buymeacoffee",
          "url": "https://www.buymeacoffee.com/matteobruni"
        }
      ],
      "hasInstallScript": true,
      "license": "MIT"
    },
    "node_modules/@tsparticles/move-base": {
      "version": "3.9.1",
      "resolved": "https://registry.npmjs.org/@tsparticles/move-base/-/move-base-3.9.1.tgz",
      "integrity": "sha512-X4huBS27d8srpxwOxliWPUt+NtCwY+8q/cx1DvQxyqmTA8VFCGpcHNwtqiN+9JicgzOvSuaORVqUgwlsc7h4pQ==",
      "license": "MIT",
      "dependencies": {
        "@tsparticles/engine": "3.9.1"
      }
    },
    "node_modules/@tsparticles/plugin-emitters": {
      "version": "3.9.1",
      "resolved": "https://registry.npmjs.org/@tsparticles/plugin-emitters/-/plugin-emitters-3.9.1.tgz",
      "integrity": "sha512-h7opR8SoFWBmVHceDLJUerLENaPfkJSh2zQYvzmLj2L+V3VLS1QDgty+4QZVeZfqNROmgQw2eLFA5El1E0sqqw==",
      "license": "MIT",
      "dependencies": {
        "@tsparticles/engine": "3.9.1"
      }
    },
    "node_modules/@tsparticles/plugin-hex-color": {
      "version": "3.9.1",
      "resolved": "https://registry.npmjs.org/@tsparticles/plugin-hex-color/-/plugin-hex-color-3.9.1.tgz",
      "integrity": "sha512-vZgZ12AjUicJvk7AX4K2eAmKEQX/D1VEjEPFhyjbgI7A65eX72M465vVKIgNA6QArLZ1DLs7Z787LOE6GOBWsg==",
      "funding": [
        {
          "type": "github",
          "url": "https://github.com/sponsors/matteobruni"
        },
        {
          "type": "github",
          "url": "https://github.com/sponsors/tsparticles"
        },
        {
          "type": "buymeacoffee",
          "url": "https://www.buymeacoffee.com/matteobruni"
        }
      ],
      "license": "MIT",
      "dependencies": {
        "@tsparticles/engine": "3.9.1"
      }
    },
    "node_modules/@tsparticles/plugin-hsl-color": {
      "version": "3.9.1",
      "resolved": "https://registry.npmjs.org/@tsparticles/plugin-hsl-color/-/plugin-hsl-color-3.9.1.tgz",
      "integrity": "sha512-jJd1iGgRwX6eeNjc1zUXiJivaqC5UE+SC2A3/NtHwwoQrkfxGWmRHOsVyLnOBRcCPgBp/FpdDe6DIDjCMO715w==",
      "funding": [
        {
          "type": "github",
          "url": "https://github.com/sponsors/matteobruni"
        },
        {
          "type": "github",
          "url": "https://github.com/sponsors/tsparticles"
        },
        {
          "type": "buymeacoffee",
          "url": "https://www.buymeacoffee.com/matteobruni"
        }
      ],
      "license": "MIT",
      "dependencies": {
        "@tsparticles/engine": "3.9.1"
      }
    },
    "node_modules/@tsparticles/plugin-motion": {
      "version": "3.9.1",
      "resolved": "https://registry.npmjs.org/@tsparticles/plugin-motion/-/plugin-motion-3.9.1.tgz",
      "integrity": "sha512-I/356NHCiMUgFzWjAHYKO7YvBqKtHSktIPgTRruqlruyrAcwzjkT55ZQ1K5EcJLWETkF1bfG2VpJBRu8ksf9mw==",
      "license": "MIT",
      "dependencies": {
        "@tsparticles/engine": "3.9.1"
      }
    },
    "node_modules/@tsparticles/plugin-rgb-color": {
      "version": "3.9.1",
      "resolved": "https://registry.npmjs.org/@tsparticles/plugin-rgb-color/-/plugin-rgb-color-3.9.1.tgz",
      "integrity": "sha512-SBxk7f1KBfXeTnnklbE2Hx4jBgh6I6HOtxb+Os1gTp0oaghZOkWcCD2dP4QbUu7fVNCMOcApPoMNC8RTFcy9wQ==",
      "funding": [
        {
          "type": "github",
          "url": "https://github.com/sponsors/matteobruni"
        },
        {
          "type": "github",
          "url": "https://github.com/sponsors/tsparticles"
        },
        {
          "type": "buymeacoffee",
          "url": "https://www.buymeacoffee.com/matteobruni"
        }
      ],
      "license": "MIT",
      "dependencies": {
        "@tsparticles/engine": "3.9.1"
      }
    },
    "node_modules/@tsparticles/shape-cards": {
      "version": "3.9.1",
      "resolved": "https://registry.npmjs.org/@tsparticles/shape-cards/-/shape-cards-3.9.1.tgz",
      "integrity": "sha512-/tQtGh6xC3UmKU2WO7VM5RoAnsvFvPkXcCJJHAQ6AIyWUKVWBrVuewF0ZbJQlNhWCEW/aqE199LuDAewqYAQ5A==",
      "funding": [
        {
          "type": "github",
          "url": "https://github.com/sponsors/matteobruni"
        },
        {
          "type": "github",
          "url": "https://github.com/sponsors/tsparticles"
        },
        {
          "type": "buymeacoffee",
          "url": "https://www.buymeacoffee.com/matteobruni"
        }
      ],
      "license": "MIT",
      "dependencies": {
        "@tsparticles/engine": "3.9.1"
      }
    },
    "node_modules/@tsparticles/shape-circle": {
      "version": "3.9.1",
      "resolved": "https://registry.npmjs.org/@tsparticles/shape-circle/-/shape-circle-3.9.1.tgz",
      "integrity": "sha512-DqZFLjbuhVn99WJ+A9ajz9YON72RtCcvubzq6qfjFmtwAK7frvQeb6iDTp6Ze9FUipluxVZWVRG4vWTxi2B+/g==",
      "license": "MIT",
      "dependencies": {
        "@tsparticles/engine": "3.9.1"
      }
    },
    "node_modules/@tsparticles/shape-emoji": {
      "version": "3.9.1",
      "resolved": "https://registry.npmjs.org/@tsparticles/shape-emoji/-/shape-emoji-3.9.1.tgz",
      "integrity": "sha512-ifvY63usuT+hipgVHb8gelBHSeF6ryPnMxAAEC1RGHhhXfpSRWMtE6ybr+pSsYU52M3G9+TF84v91pSwNrb9ZQ==",
      "license": "MIT",
      "dependencies": {
        "@tsparticles/engine": "3.9.1"
      }
    },
    "node_modules/@tsparticles/shape-heart": {
      "version": "3.9.1",
      "resolved": "https://registry.npmjs.org/@tsparticles/shape-heart/-/shape-heart-3.9.1.tgz",
      "integrity": "sha512-h1aYiBVCUAJ14zyK792EuX0332Hus6OgYy/4dk6PhfgdFTQaHk+FzGJjw+jEB8vpxOYtWeysT9uoofPZeDrqBQ==",
      "funding": [
        {
          "type": "github",
          "url": "https://github.com/sponsors/matteobruni"
        },
        {
          "type": "github",
          "url": "https://github.com/sponsors/tsparticles"
        },
        {
          "type": "buymeacoffee",
          "url": "https://www.buymeacoffee.com/matteobruni"
        }
      ],
      "license": "MIT",
      "dependencies": {
        "@tsparticles/engine": "3.9.1"
      }
    },
    "node_modules/@tsparticles/shape-image": {
      "version": "3.9.1",
      "resolved": "https://registry.npmjs.org/@tsparticles/shape-image/-/shape-image-3.9.1.tgz",
      "integrity": "sha512-fCA5eme8VF3oX8yNVUA0l2SLDKuiZObkijb0z3Ky0qj1HUEVlAuEMhhNDNB9E2iELTrWEix9z7BFMePp2CC7AA==",
      "license": "MIT",
      "dependencies": {
        "@tsparticles/engine": "3.9.1"
      }
    },
    "node_modules/@tsparticles/shape-polygon": {
      "version": "3.9.1",
      "resolved": "https://registry.npmjs.org/@tsparticles/shape-polygon/-/shape-polygon-3.9.1.tgz",
      "integrity": "sha512-dA77PgZdoLwxnliH6XQM/zF0r4jhT01pw5y7XTeTqws++hg4rTLV9255k6R6eUqKq0FPSW1/WBsBIl7q/MmrqQ==",
      "license": "MIT",
      "dependencies": {
        "@tsparticles/engine": "3.9.1"
      }
    },
    "node_modules/@tsparticles/shape-square": {
      "version": "3.9.1",
      "resolved": "https://registry.npmjs.org/@tsparticles/shape-square/-/shape-square-3.9.1.tgz",
      "integrity": "sha512-DKGkDnRyZrAm7T2ipqNezJahSWs6xd9O5LQLe5vjrYm1qGwrFxJiQaAdlb00UNrexz1/SA7bEoIg4XKaFa7qhQ==",
      "license": "MIT",
      "dependencies": {
        "@tsparticles/engine": "3.9.1"
      }
    },
    "node_modules/@tsparticles/shape-star": {
      "version": "3.9.1",
      "resolved": "https://registry.npmjs.org/@tsparticles/shape-star/-/shape-star-3.9.1.tgz",
      "integrity": "sha512-kdMJpi8cdeb6vGrZVSxTG0JIjCwIenggqk0EYeKAwtOGZFBgL7eHhF2F6uu1oq8cJAbXPujEoabnLsz6mW8XaA==",
      "license": "MIT",
      "dependencies": {
        "@tsparticles/engine": "3.9.1"
      }
    },
    "node_modules/@tsparticles/updater-color": {
      "version": "3.9.1",
      "resolved": "https://registry.npmjs.org/@tsparticles/updater-color/-/updater-color-3.9.1.tgz",
      "integrity": "sha512-XGWdscrgEMA8L5E7exsE0f8/2zHKIqnTrZymcyuFBw2DCB6BIV+5z6qaNStpxrhq3DbIxxhqqcybqeOo7+Alpg==",
      "license": "MIT",
      "dependencies": {
        "@tsparticles/engine": "3.9.1"
      }
    },
    "node_modules/@tsparticles/updater-life": {
      "version": "3.9.1",
      "resolved": "https://registry.npmjs.org/@tsparticles/updater-life/-/updater-life-3.9.1.tgz",
      "integrity": "sha512-Oi8aF2RIwMMsjssUkCB6t3PRpENHjdZf6cX92WNfAuqXtQphr3OMAkYFJFWkvyPFK22AVy3p/cFt6KE5zXxwAA==",
      "license": "MIT",
      "dependencies": {
        "@tsparticles/engine": "3.9.1"
      }
    },
    "node_modules/@tsparticles/updater-opacity": {
      "version": "3.9.1",
      "resolved": "https://registry.npmjs.org/@tsparticles/updater-opacity/-/updater-opacity-3.9.1.tgz",
      "integrity": "sha512-w778LQuRZJ+IoWzeRdrGykPYSSaTeWfBvLZ2XwYEkh/Ss961InOxZKIpcS6i5Kp/Zfw0fS1ZAuqeHwuj///Osw==",
      "license": "MIT",
      "dependencies": {
        "@tsparticles/engine": "3.9.1"
      }
    },
    "node_modules/@tsparticles/updater-out-modes": {
      "version": "3.9.1",
      "resolved": "https://registry.npmjs.org/@tsparticles/updater-out-modes/-/updater-out-modes-3.9.1.tgz",
      "integrity": "sha512-cKQEkAwbru+hhKF+GTsfbOvuBbx2DSB25CxOdhtW2wRvDBoCnngNdLw91rs+0Cex4tgEeibkebrIKFDDE6kELg==",
      "license": "MIT",
      "dependencies": {
        "@tsparticles/engine": "3.9.1"
      }
    },
    "node_modules/@tsparticles/updater-roll": {
      "version": "3.9.1",
      "resolved": "https://registry.npmjs.org/@tsparticles/updater-roll/-/updater-roll-3.9.1.tgz",
      "integrity": "sha512-zl4JeM3gUBJ0uttmIsond3lrZ3f3AkItFeS0Lhj/7jiCKfUoRyyOMrcBk8R1AhW7lI+7ko1iBs3jhO0jnxz9vg==",
      "license": "MIT",
      "dependencies": {
        "@tsparticles/engine": "3.9.1"
      }
    },
    "node_modules/@tsparticles/updater-rotate": {
      "version": "3.9.1",
      "resolved": "https://registry.npmjs.org/@tsparticles/updater-rotate/-/updater-rotate-3.9.1.tgz",
      "integrity": "sha512-9BfKaGfp28JN82MF2qs6Ae/lJr9EColMfMTHqSKljblwbpVDHte4umuwKl3VjbRt87WD9MGtla66NTUYl+WxuQ==",
      "license": "MIT",
      "dependencies": {
        "@tsparticles/engine": "3.9.1"
      }
    },
    "node_modules/@tsparticles/updater-size": {
      "version": "3.9.1",
      "resolved": "https://registry.npmjs.org/@tsparticles/updater-size/-/updater-size-3.9.1.tgz",
      "integrity": "sha512-3NSVs0O2ApNKZXfd+y/zNhTXSFeG1Pw4peI8e6z/q5+XLbmue9oiEwoPy/tQLaark3oNj3JU7Q903ZijPyXSzw==",
      "license": "MIT",
      "dependencies": {
        "@tsparticles/engine": "3.9.1"
      }
    },
    "node_modules/@tsparticles/updater-tilt": {
      "version": "3.9.1",
      "resolved": "https://registry.npmjs.org/@tsparticles/updater-tilt/-/updater-tilt-3.9.1.tgz",
      "integrity": "sha512-PB2yaoyXRmSk4iIVgjtRrzOxXMK9mjeAQHIJGtT4faq46Z8cbIIEFgjTwqrUV8qOrNg/h4sm5NE/s0qsTYjp1Q==",
      "license": "MIT",
      "dependencies": {
        "@tsparticles/engine": "3.9.1"
      }
    },
    "node_modules/@tsparticles/updater-wobble": {
      "version": "3.9.1",
      "resolved": "https://registry.npmjs.org/@tsparticles/updater-wobble/-/updater-wobble-3.9.1.tgz",
      "integrity": "sha512-c99Ogy9q4QWO+zsDXol0UnpUwZiY2UucFb8ltuDv9AlbGUeprygoub8jhgT5pEDv+GdzWOJGSgq7rfgv9cHBrg==",
      "license": "MIT",
      "dependencies": {
        "@tsparticles/engine": "3.9.1"
      }
    },
    "node_modules/@types/estree": {
      "version": "1.0.8",
      "resolved": "https://registry.npmjs.org/@types/estree/-/estree-1.0.8.tgz",
      "integrity": "sha512-dWHzHa2WqEXI/O1E9OjrocMTKJl2mSrEolh1Iomrv6U+JuNwaHXsXx9bLu5gG7BUWFIN0skIQJQ/L1rIex4X6w==",
      "dev": true,
      "license": "MIT"
    },
    "node_modules/esbuild": {
      "version": "0.27.1",
      "resolved": "https://registry.npmjs.org/esbuild/-/esbuild-0.27.1.tgz",
      "integrity": "sha512-yY35KZckJJuVVPXpvjgxiCuVEJT67F6zDeVTv4rizyPrfGBUpZQsvmxnN+C371c2esD/hNMjj4tpBhuueLN7aA==",
      "dev": true,
      "hasInstallScript": true,
      "license": "MIT",
      "bin": {
        "esbuild": "bin/esbuild"
      },
      "engines": {
        "node": ">=18"
      },
      "optionalDependencies": {
        "@esbuild/aix-ppc64": "0.27.1",
        "@esbuild/android-arm": "0.27.1",
        "@esbuild/android-arm64": "0.27.1",
        "@esbuild/android-x64": "0.27.1",
        "@esbuild/darwin-arm64": "0.27.1",
        "@esbuild/darwin-x64": "0.27.1",
        "@esbuild/freebsd-arm64": "0.27.1",
        "@esbuild/freebsd-x64": "0.27.1",
        "@esbuild/linux-arm": "0.27.1",
        "@esbuild/linux-arm64": "0.27.1",
        "@esbuild/linux-ia32": "0.27.1",
        "@esbuild/linux-loong64": "0.27.1",
        "@esbuild/linux-mips64el": "0.27.1",
        "@esbuild/linux-ppc64": "0.27.1",
        "@esbuild/linux-riscv64": "0.27.1",
        "@esbuild/linux-s390x": "0.27.1",
        "@esbuild/linux-x64": "0.27.1",
        "@esbuild/netbsd-arm64": "0.27.1",
        "@esbuild/netbsd-x64": "0.27.1",
        "@esbuild/openbsd-arm64": "0.27.1",
        "@esbuild/openbsd-x64": "0.27.1",
        "@esbuild/openharmony-arm64": "0.27.1",
        "@esbuild/sunos-x64": "0.27.1",
        "@esbuild/win32-arm64": "0.27.1",
        "@esbuild/win32-ia32": "0.27.1",
        "@esbuild/win32-x64": "0.27.1"
      }
    },
    "node_modules/fdir": {
      "version": "6.5.0",
      "resolved": "https://registry.npmjs.org/fdir/-/fdir-6.5.0.tgz",
      "integrity": "sha512-tIbYtZbucOs0BRGqPJkshJUYdL+SDH7dVM8gjy+ERp3WAUjLEFJE+02kanyHtwjWOnwrKYBiwAmM0p4kLJAnXg==",
      "dev": true,
      "license": "MIT",
      "engines": {
        "node": ">=12.0.0"
      },
      "peerDependencies": {
        "picomatch": "^3 || ^4"
      },
      "peerDependenciesMeta": {
        "picomatch": {
          "optional": true
        }
      }
    },
    "node_modules/fsevents": {
      "version": "2.3.3",
      "resolved": "https://registry.npmjs.org/fsevents/-/fsevents-2.3.3.tgz",
      "integrity": "sha512-5xoDfX+fL7faATnagmWPpbFtwh/R77WmMMqqHGS65C3vvB0YHrgF+B1YmZ3441tMj5n63k0212XNoJwzlhffQw==",
      "dev": true,
      "hasInstallScript": true,
      "license": "MIT",
      "optional": true,
      "os": [
        "darwin"
      ],
      "engines": {
        "node": "^8.16.0 || ^10.6.0 || >=11.0.0"
      }
    },
    "node_modules/gsap": {
      "version": "3.14.2",
      "resolved": "https://registry.npmjs.org/gsap/-/gsap-3.14.2.tgz",
      "integrity": "sha512-P8/mMxVLU7o4+55+1TCnQrPmgjPKnwkzkXOK1asnR9Jg2lna4tEY5qBJjMmAaOBDDZWtlRjBXjLa0w53G/uBLA==",
      "license": "Standard 'no charge' license: https://gsap.com/standard-license."
    },
    "node_modules/nanoid": {
      "version": "3.3.11",
      "resolved": "https://registry.npmjs.org/nanoid/-/nanoid-3.3.11.tgz",
      "integrity": "sha512-N8SpfPUnUp1bK+PMYW8qSWdl9U+wwNWI4QKxOYDy9JAro3WMX7p2OeVRF9v+347pnakNevPmiHhNmZ2HbFA76w==",
      "dev": true,
      "funding": [
        {
          "type": "github",
          "url": "https://github.com/sponsors/ai"
        }
      ],
      "license": "MIT",
      "bin": {
        "nanoid": "bin/nanoid.cjs"
      },
      "engines": {
        "node": "^10 || ^12 || ^13.7 || ^14 || >=15.0.1"
      }
    },
    "node_modules/picocolors": {
      "version": "1.1.1",
      "resolved": "https://registry.npmjs.org/picocolors/-/picocolors-1.1.1.tgz",
      "integrity": "sha512-xceH2snhtb5M9liqDsmEw56le376mTZkEX/jEb/RxNFyegNul7eNslCXP9FDj/Lcu0X8KEyMceP2ntpaHrDEVA==",
      "dev": true,
      "license": "ISC"
    },
    "node_modules/picomatch": {
      "version": "4.0.3",
      "resolved": "https://registry.npmjs.org/picomatch/-/picomatch-4.0.3.tgz",
      "integrity": "sha512-5gTmgEY/sqK6gFXLIsQNH19lWb4ebPDLA4SdLP7dsWkIXHWlG66oPuVvXSGFPppYZz8ZDZq0dYYrbHfBCVUb1Q==",
      "dev": true,
      "license": "MIT",
      "peer": true,
      "engines": {
        "node": ">=12"
      },
      "funding": {
        "url": "https://github.com/sponsors/jonschlinkert"
      }
    },
    "node_modules/postcss": {
      "version": "8.5.6",
      "resolved": "https://registry.npmjs.org/postcss/-/postcss-8.5.6.tgz",
      "integrity": "sha512-3Ybi1tAuwAP9s0r1UQ2J4n5Y0G05bJkpUIO0/bI9MhwmD70S5aTWbXGBwxHrelT+XM1k6dM0pk+SwNkpTRN7Pg==",
      "dev": true,
      "funding": [
        {
          "type": "opencollective",
          "url": "https://opencollective.com/postcss/"
        },
        {
          "type": "tidelift",
          "url": "https://tidelift.com/funding/github/npm/postcss"
        },
        {
          "type": "github",
          "url": "https://github.com/sponsors/ai"
        }
      ],
      "license": "MIT",
      "dependencies": {
        "nanoid": "^3.3.11",
        "picocolors": "^1.1.1",
        "source-map-js": "^1.2.1"
      },
      "engines": {
        "node": "^10 || ^12 || >=14"
      }
    },
    "node_modules/rollup": {
      "version": "4.53.4",
      "resolved": "https://registry.npmjs.org/rollup/-/rollup-4.53.4.tgz",
      "integrity": "sha512-YpXaaArg0MvrnJpvduEDYIp7uGOqKXbH9NsHGQ6SxKCOsNAjZF018MmxefFUulVP2KLtiGw1UvZbr+/ekjvlDg==",
      "dev": true,
      "license": "MIT",
      "dependencies": {
        "@types/estree": "1.0.8"
      },
      "bin": {
        "rollup": "dist/bin/rollup"
      },
      "engines": {
        "node": ">=18.0.0",
        "npm": ">=8.0.0"
      },
      "optionalDependencies": {
        "@rollup/rollup-android-arm-eabi": "4.53.4",
        "@rollup/rollup-android-arm64": "4.53.4",
        "@rollup/rollup-darwin-arm64": "4.53.4",
        "@rollup/rollup-darwin-x64": "4.53.4",
        "@rollup/rollup-freebsd-arm64": "4.53.4",
        "@rollup/rollup-freebsd-x64": "4.53.4",
        "@rollup/rollup-linux-arm-gnueabihf": "4.53.4",
        "@rollup/rollup-linux-arm-musleabihf": "4.53.4",
        "@rollup/rollup-linux-arm64-gnu": "4.53.4",
        "@rollup/rollup-linux-arm64-musl": "4.53.4",
        "@rollup/rollup-linux-loong64-gnu": "4.53.4",
        "@rollup/rollup-linux-ppc64-gnu": "4.53.4",
        "@rollup/rollup-linux-riscv64-gnu": "4.53.4",
        "@rollup/rollup-linux-riscv64-musl": "4.53.4",
        "@rollup/rollup-linux-s390x-gnu": "4.53.4",
        "@rollup/rollup-linux-x64-gnu": "4.53.4",
        "@rollup/rollup-linux-x64-musl": "4.53.4",
        "@rollup/rollup-openharmony-arm64": "4.53.4",
        "@rollup/rollup-win32-arm64-msvc": "4.53.4",
        "@rollup/rollup-win32-ia32-msvc": "4.53.4",
        "@rollup/rollup-win32-x64-gnu": "4.53.4",
        "@rollup/rollup-win32-x64-msvc": "4.53.4",
        "fsevents": "~2.3.2"
      }
    },
    "node_modules/source-map-js": {
      "version": "1.2.1",
      "resolved": "https://registry.npmjs.org/source-map-js/-/source-map-js-1.2.1.tgz",
      "integrity": "sha512-UXWMKhLOwVKb728IUtQPXxfYU+usdybtUrK/8uGE8CQMvrhOpwvzDBwj0QhSL7MQc7vIsISBG8VQ8+IDQxpfQA==",
      "dev": true,
      "license": "BSD-3-Clause",
      "engines": {
        "node": ">=0.10.0"
      }
    },
    "node_modules/tinyglobby": {
      "version": "0.2.15",
      "resolved": "https://registry.npmjs.org/tinyglobby/-/tinyglobby-0.2.15.tgz",
      "integrity": "sha512-j2Zq4NyQYG5XMST4cbs02Ak8iJUdxRM0XI5QyxXuZOzKOINmWurp3smXu3y5wDcJrptwpSjgXHzIQxR0omXljQ==",
      "dev": true,
      "license": "MIT",
      "dependencies": {
        "fdir": "^6.5.0",
        "picomatch": "^4.0.3"
      },
      "engines": {
        "node": ">=12.0.0"
      },
      "funding": {
        "url": "https://github.com/sponsors/SuperchupuDev"
      }
    },
    "node_modules/typescript": {
      "version": "5.9.3",
      "resolved": "https://registry.npmjs.org/typescript/-/typescript-5.9.3.tgz",
      "integrity": "sha512-jl1vZzPDinLr9eUt3J/t7V6FgNEw9QjvBPdysz9KfQDD41fQrC2Y4vKQdiaUpFT4bXlb1RHhLpp8wtm6M5TgSw==",
      "dev": true,
      "license": "Apache-2.0",
      "bin": {
        "tsc": "bin/tsc",
        "tsserver": "bin/tsserver"
      },
      "engines": {
        "node": ">=14.17"
      }
    },
    "node_modules/vite": {
      "version": "7.3.0",
      "resolved": "https://registry.npmjs.org/vite/-/vite-7.3.0.tgz",
      "integrity": "sha512-dZwN5L1VlUBewiP6H9s2+B3e3Jg96D0vzN+Ry73sOefebhYr9f94wwkMNN/9ouoU8pV1BqA1d1zGk8928cx0rg==",
      "dev": true,
      "license": "MIT",
      "dependencies": {
        "esbuild": "^0.27.0",
        "fdir": "^6.5.0",
        "picomatch": "^4.0.3",
        "postcss": "^8.5.6",
        "rollup": "^4.43.0",
        "tinyglobby": "^0.2.15"
      },
      "bin": {
        "vite": "bin/vite.js"
      },
      "engines": {
        "node": "^20.19.0 || >=22.12.0"
      },
      "funding": {
        "url": "https://github.com/vitejs/vite?sponsor=1"
      },
      "optionalDependencies": {
        "fsevents": "~2.3.3"
      },
      "peerDependencies": {
        "@types/node": "^20.19.0 || >=22.12.0",
        "jiti": ">=1.21.0",
        "less": "^4.0.0",
        "lightningcss": "^1.21.0",
        "sass": "^1.70.0",
        "sass-embedded": "^1.70.0",
        "stylus": ">=0.54.8",
        "sugarss": "^5.0.0",
        "terser": "^5.16.0",
        "tsx": "^4.8.1",
        "yaml": "^2.4.2"
      },
      "peerDependenciesMeta": {
        "@types/node": {
          "optional": true
        },
        "jiti": {
          "optional": true
        },
        "less": {
          "optional": true
        },
        "lightningcss": {
          "optional": true
        },
        "sass": {
          "optional": true
        },
        "sass-embedded": {
          "optional": true
        },
        "stylus": {
          "optional": true
        },
        "sugarss": {
          "optional": true
        },
        "terser": {
          "optional": true
        },
        "tsx": {
          "optional": true
        },
        "yaml": {
          "optional": true
        }
      }
    }
  }
}
